
Microsoft Visual Studio Solution File, Format Version 12.00
# Visual Studio 15
VisualStudioVersion = 15.0.26430.14
MinimumVisualStudioVersion = 10.0.40219.1
Project("{FAE04EC0-301F-11D3-BF4B-00C04F79EFBC}") = "APFoodEquals", "APFoodEquals\APFoodEquals.csproj", "{D170B1F2-8911-45B5-B09D-03AF187996EE}"
EndProject
Global
	GlobalSection(SolutionConfigurationPlatforms) = preSolution
		Debug|Any CPU = Debug|Any CPU
		Release|Any CPU = Release|Any CPU
	EndGlobalSection
	GlobalSection(ProjectConfigurationPlatforms) = postSolution
		{D170B1F2-8911-45B5-B09D-03AF187996EE}.Debug|Any CPU.ActiveCfg = Debug|Any CPU
		{D170B1F2-8911-45B5-B09D-03AF187996EE}.Debug|Any CPU.Build.0 = Debug|Any CPU
		{D170B1F2-8911-45B5-B09D-03AF187996EE}.Release|Any CPU.ActiveCfg = Release|Any CPU
		{D170B1F2-8911-45B5-B09D-03AF187996EE}.Release|Any CPU.Build.0 = Release|Any CPU
	EndGlobalSection
	GlobalSection(SolutionProperties) = preSolution
		HideSolutionNode = FALSE
	EndGlobalSection
EndGlobal
